// !$*UTF8*$!
{
	archiveVersion = 1;
	classes = {
	};
	objectVersion = 46;
	objects = {

/* Begin PBXBuildFile section */
		083553751F2875080061916C /* AppDelegate.swift in Sources */ = {isa = PBXBuildFile; fileRef = 083553741F2875080061916C /* AppDelegate.swift */; };
		0835537C1F2875080061916C /* Assets.xcassets in Resources */ = {isa = PBXBuildFile; fileRef = 0835537B1F2875080061916C /* Assets.xcassets */; };
		083553951F2875E90061916C /* ShowTimerMainTableCell.swift in Sources */ = {isa = PBXBuildFile; fileRef = 0835538B1F2875E90061916C /* ShowTimerMainTableCell.swift */; };
		083553961F2875E90061916C /* ShowTimerMainViewController.swift in Sources */ = {isa = PBXBuildFile; fileRef = 0835538C1F2875E90061916C /* ShowTimerMainViewController.swift */; };
		083553971F2875E90061916C /* Timer_Main.storyboard in Resources */ = {isa = PBXBuildFile; fileRef = 0835538E1F2875E90061916C /* Timer_Main.storyboard */; };
		083553981F2875E90061916C /* Timer_Main_LaunchScreen.storyboard in Resources */ = {isa = PBXBuildFile; fileRef = 083553901F2875E90061916C /* Timer_Main_LaunchScreen.storyboard */; };
		083553991F2875E90061916C /* ShowTimerMainTableCell.xib in Resources */ = {isa = PBXBuildFile; fileRef = 083553921F2875E90061916C /* ShowTimerMainTableCell.xib */; };
/* End PBXBuildFile section */

/* Begin PBXFileReference section */
		083553711F2875080061916C /* timerCountDownInsideTableViewCell.app */ = {isa = PBXFileReference; explicitFileType = wrapper.application; includeInIndex = 0; path = timerCountDownInsideTableViewCell.app; sourceTree = BUILT_PRODUCTS_DIR; };
		083553741F2875080061916C /* AppDelegate.swift */ = {isa = PBXFileReference; lastKnownFileType = sourcecode.swift; path = AppDelegate.swift; sourceTree = "<group>"; };
		0835537B1F2875080061916C /* Assets.xcassets */ = {isa = PBXFileReference; lastKnownFileType = folder.assetcatalog; path = Assets.xcassets; sourceTree = "<group>"; };
		083553801F2875080061916C /* Info.plist */ = {isa = PBXFileReference; lastKnownFileType = text.plist.xml; path = Info.plist; sourceTree = "<group>"; };
		0835538B1F2875E90061916C /* ShowTimerMainTableCell.swift */ = {isa = PBXFileReference; fileEncoding = 4; lastKnownFileType = sourcecode.swift; path = ShowTimerMainTableCell.swift; sourceTree = "<group>"; };
		0835538C1F2875E90061916C /* ShowTimerMainViewController.swift */ = {isa = PBXFileReference; fileEncoding = 4; lastKnownFileType = sourcecode.swift; path = ShowTimerMainViewController.swift; sourceTree = "<group>"; };
		0835538F1F2875E90061916C /* Base */ = {isa = PBXFileReference; lastKnownFileType = file.storyboard; name = Base; path = Base.lproj/Timer_Main.storyboard; sourceTree = "<group>"; };
		083553911F2875E90061916C /* Base */ = {isa = PBXFileReference; lastKnownFileType = file.storyboard; name = Base; path = Base.lproj/Timer_Main_LaunchScreen.storyboard; sourceTree = "<group>"; };
		083553921F2875E90061916C /* ShowTimerMainTableCell.xib */ = {isa = PBXFileReference; fileEncoding = 4; lastKnownFileType = file.xib; path = ShowTimerMainTableCell.xib; sourceTree = "<group>"; };
		0835539A1F2881E40061916C /* KYCircularProgress.framework */ = {isa = PBXFileReference; lastKnownFileType = wrapper.framework; name = KYCircularProgress.framework; path = "../../../../Library/Developer/Xcode/DerivedData/timerCountDownInsideTableViewCell-gplxtcixkehxeracbtbcdieiwfxd/Build/Products/Debug-iphonesimulator/KYCircularProgress/KYCircularProgress.framework"; sourceTree = "<group>"; };
/* End PBXFileReference section */

/* Begin PBXFrameworksBuildPhase section */
		0835536E1F2875080061916C /* Frameworks */ = {
			isa = PBXFrameworksBuildPhase;
			buildActionMask = 2147483647;
			files = (
			);
			runOnlyForDeploymentPostprocessing = 0;
		};
/* End PBXFrameworksBuildPhase section */

/* Begin PBXGroup section */
		083553681F2875080061916C = {
			isa = PBXGroup;
			children = (
				70236B3CC3788808289B3503 /* Frameworks */,
				083553721F2875080061916C /* Products */,
				083553731F2875080061916C /* timerCountDownInsideTableViewCell */,
			);
			sourceTree = "<group>";
		};
		083553721F2875080061916C /* Products */ = {
			isa = PBXGroup;
			children = (
				083553711F2875080061916C /* timerCountDownInsideTableViewCell.app */,
			);
			name = Products;
			sourceTree = "<group>";
		};
		083553731F2875080061916C /* timerCountDownInsideTableViewCell */ = {
			isa = PBXGroup;
			children = (
				083553871F2875E90061916C /* Assets & Extras */,
				0835538A1F2875E90061916C /* Controllers */,
				0835538D1F2875E90061916C /* Views */,
				083553741F2875080061916C /* AppDelegate.swift */,
			);
			path = timerCountDownInsideTableViewCell;
			sourceTree = "<group>";
		};
		083553871F2875E90061916C /* Assets & Extras */ = {
			isa = PBXGroup;
			children = (
				0835537B1F2875080061916C /* Assets.xcassets */,
				083553801F2875080061916C /* Info.plist */,
			);
			path = "Assets & Extras";
			sourceTree = "<group>";
		};
		0835538A1F2875E90061916C /* Controllers */ = {
			isa = PBXGroup;
			children = (
				0835538B1F2875E90061916C /* ShowTimerMainTableCell.swift */,
				0835538C1F2875E90061916C /* ShowTimerMainViewController.swift */,
			);
			path = Controllers;
			sourceTree = "<group>";
		};
		0835538D1F2875E90061916C /* Views */ = {
			isa = PBXGroup;
			children = (
				083553921F2875E90061916C /* ShowTimerMainTableCell.xib */,
				0835538E1F2875E90061916C /* Timer_Main.storyboard */,
				083553901F2875E90061916C /* Timer_Main_LaunchScreen.storyboard */,
			);
			path = Views;
			sourceTree = "<group>";
		};
		70236B3CC3788808289B3503 /* Frameworks */ = {
			isa = PBXGroup;
			children = (
				0835539A1F2881E40061916C /* KYCircularProgress.framework */,
			);
			name = Frameworks;
			sourceTree = "<group>";
		};
/* End PBXGroup section */

/* Begin PBXNativeTarget section */
		083553701F2875080061916C /* timerCountDownInsideTableViewCell */ = {
			isa = PBXNativeTarget;
			buildConfigurationList = 083553831F2875080061916C /* Build configuration list for PBXNativeTarget "timerCountDownInsideTableViewCell" */;
			buildPhases = (
				0835536D1F2875080061916C /* Sources */,
				0835536E1F2875080061916C /* Frameworks */,
				0835536F1F2875080061916C /* Resources */,
			);
			buildRules = (
			);
			dependencies = (
			);
			name = timerCountDownInsideTableViewCell;
			productName = timerCountDownInsideTableViewCell;
			productReference = 083553711F2875080061916C /* timerCountDownInsideTableViewCell.app */;
			productType = "com.apple.product-type.application";
		};
/* End PBXNativeTarget section */

/* Begin PBXProject section */
		083553691F2875080061916C /* Project object */ = {
			isa = PBXProject;
			attributes = {
				LastSwiftUpdateCheck = 0830;
				LastUpgradeCheck = 0830;
				ORGANIZATIONNAME = "Tuhin Samui";
				TargetAttributes = {
					083553701F2875080061916C = {
						CreatedOnToolsVersion = 8.3.3;
						ProvisioningStyle = Automatic;
					};
				};
			};
			buildConfigurationList = 0835536C1F2875080061916C /* Build configuration list for PBXProject "timerCountDownInsideTableViewCell" */;
			compatibilityVersion = "Xcode 3.2";
			developmentRegion = English;
			hasScannedForEncodings = 0;
			knownRegions = (
				en,
				Base,
			);
			mainGroup = 083553681F2875080061916C;
			productRefGroup = 083553721F2875080061916C /* Products */;
			projectDirPath = "";
			projectRoot = "";
			targets = (
				083553701F2875080061916C /* timerCountDownInsideTableViewCell */,
			);
		};
/* End PBXProject section */

/* Begin PBXResourcesBuildPhase section */
		0835536F1F2875080061916C /* Resources */ = {
			isa = PBXResourcesBuildPhase;
			buildActionMask = 2147483647;
			files = (
				083553981F2875E90061916C /* Timer_Main_LaunchScreen.storyboard in Resources */,
				083553991F2875E90061916C /* ShowTimerMainTableCell.xib in Resources */,
				083553971F2875E90061916C /* Timer_Main.storyboard in Resources */,
				0835537C1F2875080061916C /* Assets.xcassets in Resources */,
			);
			runOnlyForDeploymentPostprocessing = 0;
		};
/* End PBXResourcesBuildPhase section */

/* Begin PBXSourcesBuildPhase section */
		0835536D1F2875080061916C /* Sources */ = {
			isa = PBXSourcesBuildPhase;
			buildActionMask = 2147483647;
			files = (
				083553951F2875E90061916C /* ShowTimerMainTableCell.swift in Sources */,
				083553751F2875080061916C /* AppDelegate.swift in Sources */,
				083553961F2875E90061916C /* ShowTimerMainViewController.swift in Sources */,
			);
			runOnlyForDeploymentPostprocessing = 0;
		};
/* End PBXSourcesBuildPhase section */

/* Begin PBXVariantGroup section */
		0835538E1F2875E90061916C /* Timer_Main.storyboard */ = {
			isa = PBXVariantGroup;
			children = (
				0835538F1F2875E90061916C /* Base */,
			);
			name = Timer_Main.storyboard;
			path = .;
			sourceTree = "<group>";
		};
		083553901F2875E90061916C /* Timer_Main_LaunchScreen.storyboard */ = {
			isa = PBXVariantGroup;
			children = (
				083553911F2875E90061916C /* Base */,
			);
			name = Timer_Main_LaunchScreen.storyboard;
			path = .;
			sourceTree = "<group>";
		};
/* End PBXVariantGroup section */

/* Begin XCBuildConfiguration section */
		083553811F2875080061916C /* Debug */ = {
			isa = XCBuildConfiguration;
			buildSettings = {
				ALWAYS_SEARCH_USER_PATHS = NO;
				CLANG_ANALYZER_NONNULL = YES;
				CLANG_ANALYZER_NUMBER_OBJECT_CONVERSION = YES_AGGRESSIVE;
				CLANG_CXX_LANGUAGE_STANDARD = "gnu++0x";
				CLANG_CXX_LIBRARY = "libc++";
				CLANG_ENABLE_MODULES = YES;
				CLANG_ENABLE_OBJC_ARC = YES;
				CLANG_WARN_BOOL_CONVERSION = YES;
				CLANG_WARN_CONSTANT_CONVERSION = YES;
				CLANG_WARN_DIRECT_OBJC_ISA_USAGE = YES_ERROR;
				CLANG_WARN_DOCUMENTATION_COMMENTS = YES;
				CLANG_WARN_EMPTY_BODY = YES;
				CLANG_WARN_ENUM_CONVERSION = YES;
				CLANG_WARN_INFINITE_RECURSION = YES;
				CLANG_WARN_INT_CONVERSION = YES;
				CLANG_WARN_OBJC_ROOT_CLASS = YES_ERROR;
				CLANG_WARN_SUSPICIOUS_MOVE = YES;
				CLANG_WARN_UNREACHABLE_CODE = YES;
				CLANG_WARN__DUPLICATE_METHOD_MATCH = YES;
				"CODE_SIGN_IDENTITY[sdk=iphoneos*]" = "iPhone Developer";
				COPY_PHASE_STRIP = NO;
				DEBUG_INFORMATION_FORMAT = dwarf;
				ENABLE_STRICT_OBJC_MSGSEND = YES;
				ENABLE_TESTABILITY = YES;
				GCC_C_LANGUAGE_STANDARD = gnu99;
				GCC_DYNAMIC_NO_PIC = NO;
				GCC_NO_COMMON_BLOCKS = YES;
				GCC_OPTIMIZATION_LEVEL = 0;
				GCC_PREPROCESSOR_DEFINITIONS = (
					"DEBUG=1",
					"$(inherited)",
				);
				GCC_WARN_64_TO_32_BIT_CONVERSION = YES;
				GCC_WARN_ABOUT_RETURN_TYPE = YES_ERROR;
				GCC_WARN_UNDECLARED_SELECTOR = YES;
				GCC_WARN_UNINITIALIZED_AUTOS = YES_AGGRESSIVE;
				GCC_WARN_UNUSED_FUNCTION = YES;
				GCC_WARN_UNUSED_VARIABLE = YES;
				IPHONEOS_DEPLOYMENT_TARGET = 10.3;
				MTL_ENABLE_DEBUG_INFO = YES;
				ONLY_ACTIVE_ARCH = YES;
				SDKROOT = iphoneos;
				SWIFT_ACTIVE_COMPILATION_CONDITIONS = DEBUG;
				SWIFT_OPTIMIZATION_LEVEL = "-Onone";
			};
			name = Debug;
		};
		083553821F2875080061916C /* Release */ = {
			isa = XCBuildConfiguration;
			buildSettings = {
				ALWAYS_SEARCH_USER_PATHS = NO;
				CLANG_ANALYZER_NONNULL = YES;
				CLANG_ANALYZER_NUMBER_OBJECT_CONVERSION = YES_AGGRESSIVE;
				CLANG_CXX_LANGUAGE_STANDARD = "gnu++0x";
				CLANG_CXX_LIBRARY = "libc++";
				CLANG_ENABLE_MODULES = YES;
				CLANG_ENABLE_OBJC_ARC = YES;
				CLANG_WARN_BOOL_CONVERSION = YES;
				CLANG_WARN_CONSTANT_CONVERSION = YES;
				CLANG_WARN_DIRECT_OBJC_ISA_USAGE = YES_ERROR;
				CLANG_WARN_DOCUMENTATION_COMMENTS = YES;
				CLANG_WARN_EMPTY_BODY = YES;
				CLANG_WARN_ENUM_CONVERSION = YES;
				CLANG_WARN_INFINITE_RECURSION = YES;
				CLANG_WARN_INT_CONVERSION = YES;
				CLANG_WARN_OBJC_ROOT_CLASS = YES_ERROR;
				CLANG_WARN_SUSPICIOUS_MOVE = YES;
				CLANG_WARN_UNREACHABLE_CODE = YES;
				CLANG_WARN__DUPLICATE_METHOD_MATCH = YES;
				"CODE_SIGN_IDENTITY[sdk=iphoneos*]" = "iPhone Developer";
				COPY_PHASE_STRIP = NO;
				DEBUG_INFORMATION_FORMAT = "dwarf-with-dsym";
				ENABLE_NS_ASSERTIONS = NO;
				ENABLE_STRICT_OBJC_MSGSEND = YES;
				GCC_C_LANGUAGE_STANDARD = gnu99;
				GCC_NO_COMMON_BLOCKS = YES;
				GCC_WARN_64_TO_32_BIT_CONVERSION = YES;
				GCC_WARN_ABOUT_RETURN_TYPE = YES_ERROR;
				GCC_WARN_UNDECLARED_SELECTOR = YES;
				GCC_WARN_UNINITIALIZED_AUTOS = YES_AGGRESSIVE;
				GCC_WARN_UNUSED_FUNCTION = YES;
				GCC_WARN_UNUSED_VARIABLE = YES;
				IPHONEOS_DEPLOYMENT_TARGET = 10.3;
				MTL_ENABLE_DEBUG_INFO = NO;
				SDKROOT = iphoneos;
				SWIFT_OPTIMIZATION_LEVEL = "-Owholemodule";
				VALIDATE_PRODUCT = YES;
			};
			name = Release;
		};
		083553841F2875080061916C /* Debug */ = {
			isa = XCBuildConfiguration;
			buildSettings = {
				ASSETCATALOG_COMPILER_APPICON_NAME = AppIcon;
				INFOPLIST_FILE = "timerCountDownInsideTableViewCell/Assets & Extras/Info.plist";
				IPHONEOS_DEPLOYMENT_TARGET = 10.0;
				LD_RUNPATH_SEARCH_PATHS = "$(inherited) @executable_path/Frameworks";
				PRODUCT_BUNDLE_IDENTIFIER = tuhin.samui.timerCountDownInsideTableViewCell;
				PRODUCT_NAME = "$(TARGET_NAME)";
				SWIFT_VERSION = 3.0;
			};
			name = Debug;
		};
		083553851F2875080061916C /* Release */ = {
			isa = XCBuildConfiguration;
			buildSettings = {
				ASSETCATALOG_COMPILER_APPICON_NAME = AppIcon;
				INFOPLIST_FILE = "timerCountDownInsideTableViewCell/Assets & Extras/Info.plist";
				IPHONEOS_DEPLOYMENT_TARGET = 10.0;
				LD_RUNPATH_SEARCH_PATHS = "$(inherited) @executable_path/Frameworks";
				PRODUCT_BUNDLE_IDENTIFIER = tuhin.samui.timerCountDownInsideTableViewCell;
				PRODUCT_NAME = "$(TARGET_NAME)";
				SWIFT_VERSION = 3.0;
			};
			name = Release;
		};
/* End XCBuildConfiguration section */

/* Begin XCConfigurationList section */
		0835536C1F2875080061916C /* Build configuration list for PBXProject "timerCountDownInsideTableViewCell" */ = {
			isa = XCConfigurationList;
			buildConfigurations = (
				083553811F2875080061916C /* Debug */,
				083553821F2875080061916C /* Release */,
			);
			defaultConfigurationIsVisible = 0;
			defaultConfigurationName = Release;
		};
		083553831F2875080061916C /* Build configuration list for PBXNativeTarget "timerCountDownInsideTableViewCell" */ = {
			isa = XCConfigurationList;
			buildConfigurations = (
				083553841F2875080061916C /* Debug */,
				083553851F2875080061916C /* Release */,
			);
			defaultConfigurationIsVisible = 0;
			defaultConfigurationName = Release;
		};
/* End XCConfigurationList section */
	};
	rootObject = 083553691F2875080061916C /* Project object */;
}
